<?xml version="1.0" encoding="utf-8"?>
<Project ToolsVersion="4.0" xmlns="http://schemas.microsoft.com/developer/msbuild/2003">
  <ItemGroup>
    <Filter Include="Source Files">
      <UniqueIdentifier>{4FC737F1-C7A5-4376-A066-2A32D752A2FF}</UniqueIdentifier>
      <Extensions>cpp;c;cc;cxx;def;odl;idl;hpj;bat;asm;asmx</Extensions>
    </Filter>
    <Filter Include="Header Files">
      <UniqueIdentifier>{93995380-89BD-4b04-88EB-625FBE52EBFB}</UniqueIdentifier>
      <Extensions>h;hh;hpp;hxx;hm;inl;inc;xsd</Extensions>
    </Filter>
    <Filter Include="Resource Files">
      <UniqueIdentifier>{67DA6AB6-F800-4c08-8B7A-83BB121AAD01}</UniqueIdentifier>
      <Extensions>rc;ico;cur;bmp;dlg;rc2;rct;bin;rgs;gif;jpg;jpeg;jpe;resx;tiff;tif;png;wav;mfcribbon-ms</Extensions>
    </Filter>
    <Filter Include="Header Files\camera">
      <UniqueIdentifier>{1d87b5b3-6ba9-415b-a1c4-46e9706f4d15}</UniqueIdentifier>
    </Filter>
    <Filter Include="Header Files\scene">
      <UniqueIdentifier>{e3edf53f-0a69-4aab-a32d-165b6cff0170}</UniqueIdentifier>
    </Filter>
    <Filter Include="Header Files\geometry">
      <UniqueIdentifier>{f13a403c-abde-4c42-9a76-41699f462c11}</UniqueIdentifier>
    </Filter>
  </ItemGroup>
  <ItemGroup>
    <ClCompile Include="RayTracing\color.cpp">
      <Filter>Source Files</Filter>
    </ClCompile>
    <ClCompile Include="RayTracing\raytracer.cpp">
      <Filter>Source Files</Filter>
    </ClCompile>
    <ClCompile Include="RayTracing\renderer.cpp">
      <Filter>Source Files</Filter>
    </ClCompile>
    <ClCompile Include="RayTracing\camera\camera.cpp">
      <Filter>Source Files</Filter>
    </ClCompile>
    <ClCompile Include="RayTracing\geometry\Vec3d.cpp">
      <Filter>Source Files</Filter>
    </ClCompile>
    <ClCompile Include="RayTracing\geometry\Vec4d.cpp">
      <Filter>Source Files</Filter>
    </ClCompile>
    <ClCompile Include="RayTracing\scene\light.cpp">
      <Filter>Source Files</Filter>
    </ClCompile>
    <ClCompile Include="RayTracing\scene\scene.cpp">
      <Filter>Source Files</Filter>
    </ClCompile>
    <ClCompile Include="..\main.cpp">
      <Filter>Source Files</Filter>
    </ClCompile>
    <ClCompile Include="RayTracing\scene\kdtree.cpp">
      <Filter>Source Files</Filter>
    </ClCompile>
    <ClCompile Include="RayTracing\scene\material.cpp">
      <Filter>Source Files</Filter>
    </ClCompile>
    <ClCompile Include="RayTracing\geometry\matrix.cpp">
      <Filter>Source Files</Filter>
    </ClCompile>
    <ClCompile Include="RayTracing\scene\texture.cpp">
      <Filter>Source Files</Filter>
    </ClCompile>
    <ClCompile Include="RayTracing\scene\meshObject.cpp">
      <Filter>Source Files</Filter>
    </ClCompile>
    <ClCompile Include="RayTracing\MeshParser.cpp">
      <Filter>Source Files</Filter>
    </ClCompile>
  </ItemGroup>
  <ItemGroup>
    <ClInclude Include="RayTracing\color.h">
      <Filter>Header Files</Filter>
    </ClInclude>
    <ClInclude Include="RayTracing\geometry.h">
      <Filter>Header Files</Filter>
    </ClInclude>
    <ClInclude Include="RayTracing\raytracer.h">
      <Filter>Header Files</Filter>
    </ClInclude>
    <ClInclude Include="RayTracing\renderer.h">
      <Filter>Header Files</Filter>
    </ClInclude>
    <ClInclude Include="RayTracing\util.h">
      <Filter>Header Files</Filter>
    </ClInclude>
    <ClInclude Include="RayTracing\camera\camera.h">
      <Filter>Header Files\camera</Filter>
    </ClInclude>
    <ClInclude Include="RayTracing\scene\rsphere.h">
      <Filter>Header Files\scene</Filter>
    </ClInclude>
    <ClInclude Include="RayTracing\scene\rplane.h">
      <Filter>Header Files\scene</Filter>
    </ClInclude>
    <ClInclude Include="RayTracing\scene\scene.h">
      <Filter>Header Files\scene</Filter>
    </ClInclude>
    <ClInclude Include="RayTracing\scene\renderable.h">
      <Filter>Header Files\scene</Filter>
    </ClInclude>
    <ClInclude Include="RayTracing\scene\texture.h">
      <Filter>Header Files\scene</Filter>
    </ClInclude>
    <ClInclude Include="RayTracing\scene\Material.h">
      <Filter>Header Files\scene</Filter>
    </ClInclude>
    <ClInclude Include="RayTracing\scene\light.h">
      <Filter>Header Files\scene</Filter>
    </ClInclude>
    <ClInclude Include="RayTracing\geometry\bbox.h">
      <Filter>Header Files\geometry</Filter>
    </ClInclude>
    <ClInclude Include="RayTracing\geometry\intersectable.h">
      <Filter>Header Files\geometry</Filter>
    </ClInclude>
    <ClInclude Include="RayTracing\geometry\myMath.h">
      <Filter>Header Files\geometry</Filter>
    </ClInclude>
    <ClInclude Include="RayTracing\geometry\Num.h">
      <Filter>Header Files\geometry</Filter>
    </ClInclude>
    <ClInclude Include="RayTracing\geometry\plane.h">
      <Filter>Header Files\geometry</Filter>
    </ClInclude>
    <ClInclude Include="RayTracing\geometry\ray.h">
      <Filter>Header Files\geometry</Filter>
    </ClInclude>
    <ClInclude Include="RayTracing\geometry\sphere.h">
      <Filter>Header Files\geometry</Filter>
    </ClInclude>
    <ClInclude Include="RayTracing\geometry\Vec3d.h">
      <Filter>Header Files\geometry</Filter>
    </ClInclude>
    <ClInclude Include="RayTracing\geometry\Vec4d.h">
      <Filter>Header Files\geometry</Filter>
    </ClInclude>
    <ClInclude Include="RayTracing\scene\kdtree.h">
      <Filter>Header Files\scene</Filter>
    </ClInclude>
    <ClInclude Include="RayTracing\geometry\matrix.h">
      <Filter>Header Files\geometry</Filter>
    </ClInclude>
    <ClInclude Include="RayTracing\geometry\triangle.h">
      <Filter>Header Files\geometry</Filter>
    </ClInclude>
    <ClInclude Include="RayTracing\scene\meshObject.h">
      <Filter>Header Files\scene</Filter>
    </ClInclude>
    <ClInclude Include="RayTracing\scene\rtriangle.h">
      <Filter>Header Files\scene</Filter>
    </ClInclude>
    <ClInclude Include="RayTracing\MeshParser.h">
      <Filter>Header Files</Filter>
    </ClInclude>
    <ClInclude Include="RayTracing\scene\rcube.h">
      <Filter>Header Files\scene</Filter>
    </ClInclude>
  </ItemGroup>
</Project>